
Microsoft Visual Studio Solution File, Format Version 12.00
# Visual Studio Version 17
VisualStudioVersion = 17.5.33414.496
MinimumVisualStudioVersion = 10.0.40219.1
Project("{FAE04EC0-301F-11D3-BF4B-00C04F79EFBC}") = "p65_72_Al_Alawin_Ali", "p65_72_Al_Alawin_Ali\p65_72_Al_Alawin_Ali.csproj", "{3C5CE8A0-38DB-4BF2-99FA-965BDF0BEB2E}"
EndProject
Global
	GlobalSection(SolutionConfigurationPlatforms) = preSolution
		Debug|Any CPU = Debug|Any CPU
		Release|Any CPU = Release|Any CPU
	EndGlobalSection
	GlobalSection(ProjectConfigurationPlatforms) = postSolution
		{3C5CE8A0-38DB-4BF2-99FA-965BDF0BEB2E}.Debug|Any CPU.ActiveCfg = Debug|Any CPU
		{3C5CE8A0-38DB-4BF2-99FA-965BDF0BEB2E}.Debug|Any CPU.Build.0 = Debug|Any CPU
		{3C5CE8A0-38DB-4BF2-99FA-965BDF0BEB2E}.Release|Any CPU.ActiveCfg = Release|Any CPU
		{3C5CE8A0-38DB-4BF2-99FA-965BDF0BEB2E}.Release|Any CPU.Build.0 = Release|Any CPU
	EndGlobalSection
	GlobalSection(SolutionProperties) = preSolution
		HideSolutionNode = FALSE
	EndGlobalSection
	GlobalSection(ExtensibilityGlobals) = postSolution
		SolutionGuid = {B22FB2AA-E19E-4E0D-88F3-EDD9B20E2F1A}
	EndGlobalSection
EndGlobal
